
Microsoft Visual Studio Solution File, Format Version 12.00
# Visual Studio 15
VisualStudioVersion = 15.0.28307.1300
MinimumVisualStudioVersion = 10.0.40219.1
Project("{888888A0-9F3D-457C-B088-3A5042F75D52}") = "PytorchReview", "PytorchReview.pyproj", "{EA0DB877-0623-4B98-9B9F-81CE2B194DA4}"
EndProject
Global
	GlobalSection(SolutionConfigurationPlatforms) = preSolution
		Debug|Any CPU = Debug|Any CPU
		Release|Any CPU = Release|Any CPU
	EndGlobalSection
	GlobalSection(ProjectConfigurationPlatforms) = postSolution
		{EA0DB877-0623-4B98-9B9F-81CE2B194DA4}.Debug|Any CPU.ActiveCfg = Debug|Any CPU
		{EA0DB877-0623-4B98-9B9F-81CE2B194DA4}.Release|Any CPU.ActiveCfg = Release|Any CPU
	EndGlobalSection
	GlobalSection(SolutionProperties) = preSolution
		HideSolutionNode = FALSE
	EndGlobalSection
	GlobalSection(ExtensibilityGlobals) = postSolution
		SolutionGuid = {B314BC63-17A2-4D54-9D96-E82AD830576B}
	EndGlobalSection
EndGlobal
